hash: 939721599d8bc80af5f296c44842bff7d115a5ee2b456e0aa0f9333ec255f544
updated: 2017-12-28T12:17:32.091505292-07:00
imports: []
testImports:
- name: github.com/jtarchie/syslog
  version: 26f0b2546b3c3871becf16d0e27987e2e7c6b257
  subpackages:
  - pkg/log
- name: github.com/onsi/ginkgo
  version: 9eda700730cba42af70d53180f9dcce9266bc2bc
  subpackages:
  - config
  - internal/codelocation
  - internal/containernode
  - internal/failer
  - internal/leafnodes
  - internal/remote
  - internal/spec
  - internal/spec_iterator
  - internal/specrunner
  - internal/suite
  - internal/testingtproxy
  - internal/writer
  - reporters
  - reporters/stenographer
  - reporters/stenographer/support/go-colorable
  - reporters/stenographer/support/go-isatty
  - types
- name: github.com/onsi/gomega
  version: c893efa28eb45626cdaa76c9f653b62488858837
  subpackages:
  - format
  - gbytes
  - gexec
  - internal/assertion
  - internal/asyncassertion
  - internal/oraclematcher
  - internal/testingtsupport
  - matchers
  - matchers/support/goraph/bipartitegraph
  - matchers/support/goraph/edge
  - matchers/support/goraph/node
  - matchers/support/goraph/util
  - types
- name: golang.org/x/net
  version: d866cfc389cec985d6fda2859936a575a55a3ab6
  subpackages:
  - html
  - html/atom
  - html/charset
- name: golang.org/x/sys
  version: 83801418e1b59fb1880e363299581ee543af32ca
  subpackages:
  - unix
- name: golang.org/x/text
  version: e19ae1496984b1c655b8044a65c0300a3c878dd3
  subpackages:
  - encoding
  - encoding/charmap
  - encoding/htmlindex
  - encoding/internal
  - encoding/internal/identifier
  - encoding/japanese
  - encoding/korean
  - encoding/simplifiedchinese
  - encoding/traditionalchinese
  - encoding/unicode
  - internal/tag
  - internal/utf8internal
  - language
  - runes
  - transform
- name: gopkg.in/yaml.v2
  version: e4d366fc3c7938e2958e662b4258c7a89e1f0e3e
